// !$*UTF8*$!
{
	archiveVersion = 1;
	classes = {
	};
	objectVersion = 48;
	objects = {

/* Begin PBXBuildFile section */
		7C380FA81F60D90100FE4C89 /* AppDelegate.swift in Sources */ = {isa = PBXBuildFile; fileRef = 7C380FA71F60D90100FE4C89 /* AppDelegate.swift */; };
		7C380FAA1F60D90100FE4C89 /* ViewController.swift in Sources */ = {isa = PBXBuildFile; fileRef = 7C380FA91F60D90100FE4C89 /* ViewController.swift */; };
		7C380FAD1F60D90100FE4C89 /* Main.storyboard in Resources */ = {isa = PBXBuildFile; fileRef = 7C380FAB1F60D90100FE4C89 /* Main.storyboard */; };
		7C380FAF1F60D90100FE4C89 /* Assets.xcassets in Resources */ = {isa = PBXBuildFile; fileRef = 7C380FAE1F60D90100FE4C89 /* Assets.xcassets */; };
		7C380FB21F60D90100FE4C89 /* LaunchScreen.storyboard in Resources */ = {isa = PBXBuildFile; fileRef = 7C380FB01F60D90100FE4C89 /* LaunchScreen.storyboard */; };
		7C380FBD1F60D90200FE4C89 /* assignmentTests.swift in Sources */ = {isa = PBXBuildFile; fileRef = 7C380FBC1F60D90200FE4C89 /* assignmentTests.swift */; };
		7C380FCD1F60DDDA00FE4C89 /* AstroRestAPI.swift in Sources */ = {isa = PBXBuildFile; fileRef = 7C380FCC1F60DDDA00FE4C89 /* AstroRestAPI.swift */; };
		7C380FCF1F60DE8800FE4C89 /* ChannelAPI.swift in Sources */ = {isa = PBXBuildFile; fileRef = 7C380FCE1F60DE8800FE4C89 /* ChannelAPI.swift */; };
		7C380FD21F60E0D100FE4C89 /* Channel.swift in Sources */ = {isa = PBXBuildFile; fileRef = 7C380FD11F60E0D100FE4C89 /* Channel.swift */; };
		7C380FD41F60F52100FE4C89 /* ChannelAPITest.swift in Sources */ = {isa = PBXBuildFile; fileRef = 7C380FD31F60F52100FE4C89 /* ChannelAPITest.swift */; };
		7C380FD51F60F5B200FE4C89 /* ChannelAPI.swift in Sources */ = {isa = PBXBuildFile; fileRef = 7C380FCE1F60DE8800FE4C89 /* ChannelAPI.swift */; };
		7C380FD61F60F5C400FE4C89 /* Channel.swift in Sources */ = {isa = PBXBuildFile; fileRef = 7C380FD11F60E0D100FE4C89 /* Channel.swift */; };
		7C380FD71F60F5CF00FE4C89 /* AstroRestAPI.swift in Sources */ = {isa = PBXBuildFile; fileRef = 7C380FCC1F60DDDA00FE4C89 /* AstroRestAPI.swift */; };
		7C380FDA1F61056C00FE4C89 /* AstroProtocol.swift in Sources */ = {isa = PBXBuildFile; fileRef = 7C380FD91F61056C00FE4C89 /* AstroProtocol.swift */; };
		7C380FDB1F61064500FE4C89 /* AstroProtocol.swift in Sources */ = {isa = PBXBuildFile; fileRef = 7C380FD91F61056C00FE4C89 /* AstroProtocol.swift */; };
		7C380FDF1F61223D00FE4C89 /* EventAPI.swift in Sources */ = {isa = PBXBuildFile; fileRef = 7C380FDE1F61223D00FE4C89 /* EventAPI.swift */; };
		7C380FE31F61228500FE4C89 /* EventAPI.swift in Sources */ = {isa = PBXBuildFile; fileRef = 7C380FDE1F61223D00FE4C89 /* EventAPI.swift */; };
		7C380FE51F61229E00FE4C89 /* Event.swift in Sources */ = {isa = PBXBuildFile; fileRef = 7C380FE41F61229E00FE4C89 /* Event.swift */; };
		7C380FE61F61229E00FE4C89 /* Event.swift in Sources */ = {isa = PBXBuildFile; fileRef = 7C380FE41F61229E00FE4C89 /* Event.swift */; };
		7C380FEC1F6131A100FE4C89 /* Constant.swift in Sources */ = {isa = PBXBuildFile; fileRef = 7C380FEB1F6131A100FE4C89 /* Constant.swift */; };
		7C380FED1F6131A100FE4C89 /* Constant.swift in Sources */ = {isa = PBXBuildFile; fileRef = 7C380FEB1F6131A100FE4C89 /* Constant.swift */; };
		7C380FF01F6132E400FE4C89 /* EventAPITest.swift in Sources */ = {isa = PBXBuildFile; fileRef = 7C380FEE1F6132E400FE4C89 /* EventAPITest.swift */; };
		91632DFD73DCDC0B8F6E32B5 /* Pods_assignmentTests.framework in Frameworks */ = {isa = PBXBuildFile; fileRef = D9DB8767BDAABFFB32C69ED2 /* Pods_assignmentTests.framework */; };
		A702F0964AC7E58EA53C0499 /* Pods_assignment.framework in Frameworks */ = {isa = PBXBuildFile; fileRef = 918C36929E3158538CAEA725 /* Pods_assignment.framework */; };
/* End PBXBuildFile section */

/* Begin PBXContainerItemProxy section */
		7C380FB91F60D90200FE4C89 /* PBXContainerItemProxy */ = {
			isa = PBXContainerItemProxy;
			containerPortal = 7C380F9C1F60D90100FE4C89 /* Project object */;
			proxyType = 1;
			remoteGlobalIDString = 7C380FA31F60D90100FE4C89;
			remoteInfo = assignment;
		};
/* End PBXContainerItemProxy section */

/* Begin PBXFileReference section */
		3809B8576823EEC40282A206 /* Pods-assignmentTests.release.xcconfig */ = {isa = PBXFileReference; includeInIndex = 1; lastKnownFileType = text.xcconfig; name = "Pods-assignmentTests.release.xcconfig"; path = "Pods/Target Support Files/Pods-assignmentTests/Pods-assignmentTests.release.xcconfig"; sourceTree = "<group>"; };
		54A6317D417AF2D070531400 /* Pods-assignment.debug.xcconfig */ = {isa = PBXFileReference; includeInIndex = 1; lastKnownFileType = text.xcconfig; name = "Pods-assignment.debug.xcconfig"; path = "Pods/Target Support Files/Pods-assignment/Pods-assignment.debug.xcconfig"; sourceTree = "<group>"; };
		7C380FA41F60D90100FE4C89 /* assignment.app */ = {isa = PBXFileReference; explicitFileType = wrapper.application; includeInIndex = 0; path = assignment.app; sourceTree = BUILT_PRODUCTS_DIR; };
		7C380FA71F60D90100FE4C89 /* AppDelegate.swift */ = {isa = PBXFileReference; lastKnownFileType = sourcecode.swift; path = AppDelegate.swift; sourceTree = "<group>"; };
		7C380FA91F60D90100FE4C89 /* ViewController.swift */ = {isa = PBXFileReference; lastKnownFileType = sourcecode.swift; path = ViewController.swift; sourceTree = "<group>"; };
		7C380FAC1F60D90100FE4C89 /* Base */ = {isa = PBXFileReference; lastKnownFileType = file.storyboard; name = Base; path = Base.lproj/Main.storyboard; sourceTree = "<group>"; };
		7C380FAE1F60D90100FE4C89 /* Assets.xcassets */ = {isa = PBXFileReference; lastKnownFileType = folder.assetcatalog; path = Assets.xcassets; sourceTree = "<group>"; };
		7C380FB11F60D90100FE4C89 /* Base */ = {isa = PBXFileReference; lastKnownFileType = file.storyboard; name = Base; path = Base.lproj/LaunchScreen.storyboard; sourceTree = "<group>"; };
		7C380FB31F60D90100FE4C89 /* Info.plist */ = {isa = PBXFileReference; lastKnownFileType = text.plist.xml; path = Info.plist; sourceTree = "<group>"; };
		7C380FB81F60D90200FE4C89 /* assignmentTests.xctest */ = {isa = PBXFileReference; explicitFileType = wrapper.cfbundle; includeInIndex = 0; path = assignmentTests.xctest; sourceTree = BUILT_PRODUCTS_DIR; };
		7C380FBC1F60D90200FE4C89 /* assignmentTests.swift */ = {isa = PBXFileReference; lastKnownFileType = sourcecode.swift; path = assignmentTests.swift; sourceTree = "<group>"; };
		7C380FBE1F60D90200FE4C89 /* Info.plist */ = {isa = PBXFileReference; lastKnownFileType = text.plist.xml; path = Info.plist; sourceTree = "<group>"; };
		7C380FCC1F60DDDA00FE4C89 /* AstroRestAPI.swift */ = {isa = PBXFileReference; lastKnownFileType = sourcecode.swift; path = AstroRestAPI.swift; sourceTree = "<group>"; };
		7C380FCE1F60DE8800FE4C89 /* ChannelAPI.swift */ = {isa = PBXFileReference; lastKnownFileType = sourcecode.swift; path = ChannelAPI.swift; sourceTree = "<group>"; };
		7C380FD11F60E0D100FE4C89 /* Channel.swift */ = {isa = PBXFileReference; lastKnownFileType = sourcecode.swift; path = Channel.swift; sourceTree = "<group>"; };
		7C380FD31F60F52100FE4C89 /* ChannelAPITest.swift */ = {isa = PBXFileReference; lastKnownFileType = sourcecode.swift; path = ChannelAPITest.swift; sourceTree = "<group>"; };
		7C380FD91F61056C00FE4C89 /* AstroProtocol.swift */ = {isa = PBXFileReference; lastKnownFileType = sourcecode.swift; path = AstroProtocol.swift; sourceTree = "<group>"; };
		7C380FDE1F61223D00FE4C89 /* EventAPI.swift */ = {isa = PBXFileReference; lastKnownFileType = sourcecode.swift; path = EventAPI.swift; sourceTree = "<group>"; };
		7C380FE41F61229E00FE4C89 /* Event.swift */ = {isa = PBXFileReference; lastKnownFileType = sourcecode.swift; path = Event.swift; sourceTree = "<group>"; };
		7C380FEB1F6131A100FE4C89 /* Constant.swift */ = {isa = PBXFileReference; lastKnownFileType = sourcecode.swift; name = Constant.swift; path = assignment/Constants/Constant.swift; sourceTree = SOURCE_ROOT; };
		7C380FEE1F6132E400FE4C89 /* EventAPITest.swift */ = {isa = PBXFileReference; lastKnownFileType = sourcecode.swift; path = EventAPITest.swift; sourceTree = "<group>"; };
		918C36929E3158538CAEA725 /* Pods_assignment.framework */ = {isa = PBXFileReference; explicitFileType = wrapper.framework; includeInIndex = 0; path = Pods_assignment.framework; sourceTree = BUILT_PRODUCTS_DIR; };
		9252C43EB7634443E5FF605A /* Pods-assignmentTests.debug.xcconfig */ = {isa = PBXFileReference; includeInIndex = 1; lastKnownFileType = text.xcconfig; name = "Pods-assignmentTests.debug.xcconfig"; path = "Pods/Target Support Files/Pods-assignmentTests/Pods-assignmentTests.debug.xcconfig"; sourceTree = "<group>"; };
		C99D1CA95C8D653F6E494696 /* Pods-assignment.release.xcconfig */ = {isa = PBXFileReference; includeInIndex = 1; lastKnownFileType = text.xcconfig; name = "Pods-assignment.release.xcconfig"; path = "Pods/Target Support Files/Pods-assignment/Pods-assignment.release.xcconfig"; sourceTree = "<group>"; };
		D9DB8767BDAABFFB32C69ED2 /* Pods_assignmentTests.framework */ = {isa = PBXFileReference; explicitFileType = wrapper.framework; includeInIndex = 0; path = Pods_assignmentTests.framework; sourceTree = BUILT_PRODUCTS_DIR; };
/* End PBXFileReference section */

/* Begin PBXFrameworksBuildPhase section */
		7C380FA11F60D90100FE4C89 /* Frameworks */ = {
			isa = PBXFrameworksBuildPhase;
			buildActionMask = 2147483647;
			files = (
				A702F0964AC7E58EA53C0499 /* Pods_assignment.framework in Frameworks */,
			);
			runOnlyForDeploymentPostprocessing = 0;
		};
		7C380FB51F60D90200FE4C89 /* Frameworks */ = {
			isa = PBXFrameworksBuildPhase;
			buildActionMask = 2147483647;
			files = (
				91632DFD73DCDC0B8F6E32B5 /* Pods_assignmentTests.framework in Frameworks */,
			);
			runOnlyForDeploymentPostprocessing = 0;
		};
/* End PBXFrameworksBuildPhase section */

/* Begin PBXGroup section */
		7C380F9B1F60D90100FE4C89 = {
			isa = PBXGroup;
			children = (
				7C380FA61F60D90100FE4C89 /* assignment */,
				7C380FBB1F60D90200FE4C89 /* assignmentTests */,
				7C380FA51F60D90100FE4C89 /* Products */,
				D09D3C25ECAC6E1CC2397E9B /* Pods */,
				A92B36E09D57F01A602E2CE3 /* Frameworks */,
			);
			sourceTree = "<group>";
		};
		7C380FA51F60D90100FE4C89 /* Products */ = {
			isa = PBXGroup;
			children = (
				7C380FA41F60D90100FE4C89 /* assignment.app */,
				7C380FB81F60D90200FE4C89 /* assignmentTests.xctest */,
			);
			name = Products;
			sourceTree = "<group>";
		};
		7C380FA61F60D90100FE4C89 /* assignment */ = {
			isa = PBXGroup;
			children = (
				7C380FEA1F61318500FE4C89 /* Constants */,
				7C380FD81F61053000FE4C89 /* Protocol */,
				7C380FD01F60E06300FE4C89 /* Model */,
				7C380FC71F60DD3F00FE4C89 /* APIs */,
				7C380FA71F60D90100FE4C89 /* AppDelegate.swift */,
				7C380FA91F60D90100FE4C89 /* ViewController.swift */,
				7C380FAB1F60D90100FE4C89 /* Main.storyboard */,
				7C380FAE1F60D90100FE4C89 /* Assets.xcassets */,
				7C380FB01F60D90100FE4C89 /* LaunchScreen.storyboard */,
				7C380FB31F60D90100FE4C89 /* Info.plist */,
			);
			path = assignment;
			sourceTree = "<group>";
		};
		7C380FBB1F60D90200FE4C89 /* assignmentTests */ = {
			isa = PBXGroup;
			children = (
				7C380FC81F60DD4900FE4C89 /* APIs */,
				7C380FBC1F60D90200FE4C89 /* assignmentTests.swift */,
				7C380FBE1F60D90200FE4C89 /* Info.plist */,
			);
			path = assignmentTests;
			sourceTree = "<group>";
		};
		7C380FC71F60DD3F00FE4C89 /* APIs */ = {
			isa = PBXGroup;
			children = (
				7C380FCC1F60DDDA00FE4C89 /* AstroRestAPI.swift */,
				7C380FCE1F60DE8800FE4C89 /* ChannelAPI.swift */,
				7C380FDE1F61223D00FE4C89 /* EventAPI.swift */,
			);
			path = APIs;
			sourceTree = "<group>";
		};
		7C380FC81F60DD4900FE4C89 /* APIs */ = {
			isa = PBXGroup;
			children = (
				7C380FD31F60F52100FE4C89 /* ChannelAPITest.swift */,
				7C380FEE1F6132E400FE4C89 /* EventAPITest.swift */,
			);
			path = APIs;
			sourceTree = "<group>";
		};
		7C380FD01F60E06300FE4C89 /* Model */ = {
			isa = PBXGroup;
			children = (
				7C380FD11F60E0D100FE4C89 /* Channel.swift */,
				7C380FE41F61229E00FE4C89 /* Event.swift */,
			);
			path = Model;
			sourceTree = "<group>";
		};
		7C380FD81F61053000FE4C89 /* Protocol */ = {
			isa = PBXGroup;
			children = (
				7C380FD91F61056C00FE4C89 /* AstroProtocol.swift */,
			);
			path = Protocol;
			sourceTree = "<group>";
		};
		7C380FEA1F61318500FE4C89 /* Constants */ = {
			isa = PBXGroup;
			children = (
				7C380FEB1F6131A100FE4C89 /* Constant.swift */,
			);
			name = Constants;
			path = "New Group";
			sourceTree = "<group>";
		};
		A92B36E09D57F01A602E2CE3 /* Frameworks */ = {
			isa = PBXGroup;
			children = (
				918C36929E3158538CAEA725 /* Pods_assignment.framework */,
				D9DB8767BDAABFFB32C69ED2 /* Pods_assignmentTests.framework */,
			);
			name = Frameworks;
			sourceTree = "<group>";
		};
		D09D3C25ECAC6E1CC2397E9B /* Pods */ = {
			isa = PBXGroup;
			children = (
				54A6317D417AF2D070531400 /* Pods-assignment.debug.xcconfig */,
				C99D1CA95C8D653F6E494696 /* Pods-assignment.release.xcconfig */,
				9252C43EB7634443E5FF605A /* Pods-assignmentTests.debug.xcconfig */,
				3809B8576823EEC40282A206 /* Pods-assignmentTests.release.xcconfig */,
			);
			name = Pods;
			sourceTree = "<group>";
		};
/* End PBXGroup section */

/* Begin PBXNativeTarget section */
		7C380FA31F60D90100FE4C89 /* assignment */ = {
			isa = PBXNativeTarget;
			buildConfigurationList = 7C380FC11F60D90200FE4C89 /* Build configuration list for PBXNativeTarget "assignment" */;
			buildPhases = (
				555181F8021D0EB89EEF51F4 /* [CP] Check Pods Manifest.lock */,
				7C380FA01F60D90100FE4C89 /* Sources */,
				7C380FA11F60D90100FE4C89 /* Frameworks */,
				7C380FA21F60D90100FE4C89 /* Resources */,
				8A7BD57A1B85B30081EE10A5 /* [CP] Embed Pods Frameworks */,
				E51FB020A8893320C9161A3B /* [CP] Copy Pods Resources */,
			);
			buildRules = (
			);
			dependencies = (
			);
			name = assignment;
			productName = assignment;
			productReference = 7C380FA41F60D90100FE4C89 /* assignment.app */;
			productType = "com.apple.product-type.application";
		};
		7C380FB71F60D90200FE4C89 /* assignmentTests */ = {
			isa = PBXNativeTarget;
			buildConfigurationList = 7C380FC41F60D90200FE4C89 /* Build configuration list for PBXNativeTarget "assignmentTests" */;
			buildPhases = (
				E1DDA7009295FBBE3E86D5B3 /* [CP] Check Pods Manifest.lock */,
				7C380FB41F60D90200FE4C89 /* Sources */,
				7C380FB51F60D90200FE4C89 /* Frameworks */,
				7C380FB61F60D90200FE4C89 /* Resources */,
				AAE41697C8E5DD0488755ABA /* [CP] Embed Pods Frameworks */,
				D5172CACD1A284CC708D0841 /* [CP] Copy Pods Resources */,
			);
			buildRules = (
			);
			dependencies = (
				7C380FBA1F60D90200FE4C89 /* PBXTargetDependency */,
			);
			name = assignmentTests;
			productName = assignmentTests;
			productReference = 7C380FB81F60D90200FE4C89 /* assignmentTests.xctest */;
			productType = "com.apple.product-type.bundle.unit-test";
		};
/* End PBXNativeTarget section */

/* Begin PBXProject section */
		7C380F9C1F60D90100FE4C89 /* Project object */ = {
			isa = PBXProject;
			attributes = {
				LastSwiftUpdateCheck = 0900;
				LastUpgradeCheck = 0900;
				ORGANIZATIONNAME = Misfit;
				TargetAttributes = {
					7C380FA31F60D90100FE4C89 = {
						CreatedOnToolsVersion = 9.0;
						ProvisioningStyle = Automatic;
					};
					7C380FB71F60D90200FE4C89 = {
						CreatedOnToolsVersion = 9.0;
						ProvisioningStyle = Automatic;
						TestTargetID = 7C380FA31F60D90100FE4C89;
					};
				};
			};
			buildConfigurationList = 7C380F9F1F60D90100FE4C89 /* Build configuration list for PBXProject "assignment" */;
			compatibilityVersion = "Xcode 8.0";
			developmentRegion = en;
			hasScannedForEncodings = 0;
			knownRegions = (
				en,
				Base,
			);
			mainGroup = 7C380F9B1F60D90100FE4C89;
			productRefGroup = 7C380FA51F60D90100FE4C89 /* Products */;
			projectDirPath = "";
			projectRoot = "";
			targets = (
				7C380FA31F60D90100FE4C89 /* assignment */,
				7C380FB71F60D90200FE4C89 /* assignmentTests */,
			);
		};
/* End PBXProject section */

/* Begin PBXResourcesBuildPhase section */
		7C380FA21F60D90100FE4C89 /* Resources */ = {
			isa = PBXResourcesBuildPhase;
			buildActionMask = 2147483647;
			files = (
				7C380FB21F60D90100FE4C89 /* LaunchScreen.storyboard in Resources */,
				7C380FAF1F60D90100FE4C89 /* Assets.xcassets in Resources */,
				7C380FAD1F60D90100FE4C89 /* Main.storyboard in Resources */,
			);
			runOnlyForDeploymentPostprocessing = 0;
		};
		7C380FB61F60D90200FE4C89 /* Resources */ = {
			isa = PBXResourcesBuildPhase;
			buildActionMask = 2147483647;
			files = (
			);
			runOnlyForDeploymentPostprocessing = 0;
		};
/* End PBXResourcesBuildPhase section */

/* Begin PBXShellScriptBuildPhase section */
		555181F8021D0EB89EEF51F4 /* [CP] Check Pods Manifest.lock */ = {
			isa = PBXShellScriptBuildPhase;
			buildActionMask = 2147483647;
			files = (
			);
			inputPaths = (
				"${PODS_PODFILE_DIR_PATH}/Podfile.lock",
				"${PODS_ROOT}/Manifest.lock",
			);
			name = "[CP] Check Pods Manifest.lock";
			outputPaths = (
				"$(DERIVED_FILE_DIR)/Pods-assignment-checkManifestLockResult.txt",
			);
			runOnlyForDeploymentPostprocessing = 0;
			shellPath = /bin/sh;
			shellScript = "diff \"${PODS_PODFILE_DIR_PATH}/Podfile.lock\" \"${PODS_ROOT}/Manifest.lock\" > /dev/null\nif [ $? != 0 ] ; then\n    # print error to STDERR\n    echo \"error: The sandbox is not in sync with the Podfile.lock. Run 'pod install' or update your CocoaPods installation.\" >&2\n    exit 1\nfi\n# This output is used by Xcode 'outputs' to avoid re-running this script phase.\necho \"SUCCESS\" > \"${SCRIPT_OUTPUT_FILE_0}\"\n";
			showEnvVarsInLog = 0;
		};
		8A7BD57A1B85B30081EE10A5 /* [CP] Embed Pods Frameworks */ = {
			isa = PBXShellScriptBuildPhase;
			buildActionMask = 2147483647;
			files = (
			);
			inputPaths = (
				"${SRCROOT}/Pods/Target Support Files/Pods-assignment/Pods-assignment-frameworks.sh",
				"${BUILT_PRODUCTS_DIR}/Alamofire/Alamofire.framework",
				"${BUILT_PRODUCTS_DIR}/Bolts-Swift/BoltsSwift.framework",
				"${BUILT_PRODUCTS_DIR}/SwiftyJSON/SwiftyJSON.framework",
			);
			name = "[CP] Embed Pods Frameworks";
			outputPaths = (
				"${TARGET_BUILD_DIR}/${FRAMEWORKS_FOLDER_PATH}/Alamofire.framework",
				"${TARGET_BUILD_DIR}/${FRAMEWORKS_FOLDER_PATH}/BoltsSwift.framework",
				"${TARGET_BUILD_DIR}/${FRAMEWORKS_FOLDER_PATH}/SwiftyJSON.framework",
			);
			runOnlyForDeploymentPostprocessing = 0;
			shellPath = /bin/sh;
			shellScript = "\"${SRCROOT}/Pods/Target Support Files/Pods-assignment/Pods-assignment-frameworks.sh\"\n";
			showEnvVarsInLog = 0;
		};
		AAE41697C8E5DD0488755ABA /* [CP] Embed Pods Frameworks */ = {
			isa = PBXShellScriptBuildPhase;
			buildActionMask = 2147483647;
			files = (
			);
			inputPaths = (
			);
			name = "[CP] Embed Pods Frameworks";
			outputPaths = (
			);
			runOnlyForDeploymentPostprocessing = 0;
			shellPath = /bin/sh;
			shellScript = "\"${SRCROOT}/Pods/Target Support Files/Pods-assignmentTests/Pods-assignmentTests-frameworks.sh\"\n";
			showEnvVarsInLog = 0;
		};
		D5172CACD1A284CC708D0841 /* [CP] Copy Pods Resources */ = {
			isa = PBXShellScriptBuildPhase;
			buildActionMask = 2147483647;
			files = (
			);
			inputPaths = (
			);
			name = "[CP] Copy Pods Resources";
			outputPaths = (
			);
			runOnlyForDeploymentPostprocessing = 0;
			shellPath = /bin/sh;
			shellScript = "\"${SRCROOT}/Pods/Target Support Files/Pods-assignmentTests/Pods-assignmentTests-resources.sh\"\n";
			showEnvVarsInLog = 0;
		};
		E1DDA7009295FBBE3E86D5B3 /* [CP] Check Pods Manifest.lock */ = {
			isa = PBXShellScriptBuildPhase;
			buildActionMask = 2147483647;
			files = (
			);
			inputPaths = (
				"${PODS_PODFILE_DIR_PATH}/Podfile.lock",
				"${PODS_ROOT}/Manifest.lock",
			);
			name = "[CP] Check Pods Manifest.lock";
			outputPaths = (
				"$(DERIVED_FILE_DIR)/Pods-assignmentTests-checkManifestLockResult.txt",
			);
			runOnlyForDeploymentPostprocessing = 0;
			shellPath = /bin/sh;
			shellScript = "diff \"${PODS_PODFILE_DIR_PATH}/Podfile.lock\" \"${PODS_ROOT}/Manifest.lock\" > /dev/null\nif [ $? != 0 ] ; then\n    # print error to STDERR\n    echo \"error: The sandbox is not in sync with the Podfile.lock. Run 'pod install' or update your CocoaPods installation.\" >&2\n    exit 1\nfi\n# This output is used by Xcode 'outputs' to avoid re-running this script phase.\necho \"SUCCESS\" > \"${SCRIPT_OUTPUT_FILE_0}\"\n";
			showEnvVarsInLog = 0;
		};
		E51FB020A8893320C9161A3B /* [CP] Copy Pods Resources */ = {
			isa = PBXShellScriptBuildPhase;
			buildActionMask = 2147483647;
			files = (
			);
			inputPaths = (
			);
			name = "[CP] Copy Pods Resources";
			outputPaths = (
			);
			runOnlyForDeploymentPostprocessing = 0;
			shellPath = /bin/sh;
			shellScript = "\"${SRCROOT}/Pods/Target Support Files/Pods-assignment/Pods-assignment-resources.sh\"\n";
			showEnvVarsInLog = 0;
		};
/* End PBXShellScriptBuildPhase section */

/* Begin PBXSourcesBuildPhase section */
		7C380FA01F60D90100FE4C89 /* Sources */ = {
			isa = PBXSourcesBuildPhase;
			buildActionMask = 2147483647;
			files = (
				7C380FE51F61229E00FE4C89 /* Event.swift in Sources */,
				7C380FAA1F60D90100FE4C89 /* ViewController.swift in Sources */,
				7C380FEC1F6131A100FE4C89 /* Constant.swift in Sources */,
				7C380FDF1F61223D00FE4C89 /* EventAPI.swift in Sources */,
				7C380FDA1F61056C00FE4C89 /* AstroProtocol.swift in Sources */,
				7C380FD21F60E0D100FE4C89 /* Channel.swift in Sources */,
				7C380FA81F60D90100FE4C89 /* AppDelegate.swift in Sources */,
				7C380FCD1F60DDDA00FE4C89 /* AstroRestAPI.swift in Sources */,
				7C380FCF1F60DE8800FE4C89 /* ChannelAPI.swift in Sources */,
			);
			runOnlyForDeploymentPostprocessing = 0;
		};
		7C380FB41F60D90200FE4C89 /* Sources */ = {
			isa = PBXSourcesBuildPhase;
			buildActionMask = 2147483647;
			files = (
				7C380FE61F61229E00FE4C89 /* Event.swift in Sources */,
				7C380FD41F60F52100FE4C89 /* ChannelAPITest.swift in Sources */,
				7C380FED1F6131A100FE4C89 /* Constant.swift in Sources */,
				7C380FDB1F61064500FE4C89 /* AstroProtocol.swift in Sources */,
				7C380FD61F60F5C400FE4C89 /* Channel.swift in Sources */,
				7C380FBD1F60D90200FE4C89 /* assignmentTests.swift in Sources */,
				7C380FD51F60F5B200FE4C89 /* ChannelAPI.swift in Sources */,
				7C380FF01F6132E400FE4C89 /* EventAPITest.swift in Sources */,
				7C380FE31F61228500FE4C89 /* EventAPI.swift in Sources */,
				7C380FD71F60F5CF00FE4C89 /* AstroRestAPI.swift in Sources */,
			);
			runOnlyForDeploymentPostprocessing = 0;
		};
/* End PBXSourcesBuildPhase section */

/* Begin PBXTargetDependency section */
		7C380FBA1F60D90200FE4C89 /* PBXTargetDependency */ = {
			isa = PBXTargetDependency;
			target = 7C380FA31F60D90100FE4C89 /* assignment */;
			targetProxy = 7C380FB91F60D90200FE4C89 /* PBXContainerItemProxy */;
		};
/* End PBXTargetDependency section */

/* Begin PBXVariantGroup section */
		7C380FAB1F60D90100FE4C89 /* Main.storyboard */ = {
			isa = PBXVariantGroup;
			children = (
				7C380FAC1F60D90100FE4C89 /* Base */,
			);
			name = Main.storyboard;
			sourceTree = "<group>";
		};
		7C380FB01F60D90100FE4C89 /* LaunchScreen.storyboard */ = {
			isa = PBXVariantGroup;
			children = (
				7C380FB11F60D90100FE4C89 /* Base */,
			);
			name = LaunchScreen.storyboard;
			sourceTree = "<group>";
		};
/* End PBXVariantGroup section */

/* Begin XCBuildConfiguration section */
		7C380FBF1F60D90200FE4C89 /* Debug */ = {
			isa = XCBuildConfiguration;
			buildSettings = {
				ALWAYS_SEARCH_USER_PATHS = NO;
				CLANG_ANALYZER_NONNULL = YES;
				CLANG_ANALYZER_NUMBER_OBJECT_CONVERSION = YES_AGGRESSIVE;
				CLANG_CXX_LANGUAGE_STANDARD = "gnu++14";
				CLANG_CXX_LIBRARY = "libc++";
				CLANG_ENABLE_MODULES = YES;
				CLANG_ENABLE_OBJC_ARC = YES;
				CLANG_WARN_BLOCK_CAPTURE_AUTORELEASING = YES;
				CLANG_WARN_BOOL_CONVERSION = YES;
				CLANG_WARN_COMMA = YES;
				CLANG_WARN_CONSTANT_CONVERSION = YES;
				CLANG_WARN_DIRECT_OBJC_ISA_USAGE = YES_ERROR;
				CLANG_WARN_DOCUMENTATION_COMMENTS = YES;
				CLANG_WARN_EMPTY_BODY = YES;
				CLANG_WARN_ENUM_CONVERSION = YES;
				CLANG_WARN_INFINITE_RECURSION = YES;
				CLANG_WARN_INT_CONVERSION = YES;
				CLANG_WARN_NON_LITERAL_NULL_CONVERSION = YES;
				CLANG_WARN_OBJC_LITERAL_CONVERSION = YES;
				CLANG_WARN_OBJC_ROOT_CLASS = YES_ERROR;
				CLANG_WARN_RANGE_LOOP_ANALYSIS = YES;
				CLANG_WARN_STRICT_PROTOTYPES = YES;
				CLANG_WARN_SUSPICIOUS_MOVE = YES;
				CLANG_WARN_UNGUARDED_AVAILABILITY = YES_AGGRESSIVE;
				CLANG_WARN_UNREACHABLE_CODE = YES;
				CLANG_WARN__DUPLICATE_METHOD_MATCH = YES;
				CODE_SIGN_IDENTITY = "iPhone Developer";
				COPY_PHASE_STRIP = NO;
				DEBUG_INFORMATION_FORMAT = dwarf;
				ENABLE_STRICT_OBJC_MSGSEND = YES;
				ENABLE_TESTABILITY = YES;
				GCC_C_LANGUAGE_STANDARD = gnu11;
				GCC_DYNAMIC_NO_PIC = NO;
				GCC_NO_COMMON_BLOCKS = YES;
				GCC_OPTIMIZATION_LEVEL = 0;
				GCC_PREPROCESSOR_DEFINITIONS = (
					"DEBUG=1",
					"$(inherited)",
				);
				GCC_WARN_64_TO_32_BIT_CONVERSION = YES;
				GCC_WARN_ABOUT_RETURN_TYPE = YES_ERROR;
				GCC_WARN_UNDECLARED_SELECTOR = YES;
				GCC_WARN_UNINITIALIZED_AUTOS = YES_AGGRESSIVE;
				GCC_WARN_UNUSED_FUNCTION = YES;
				GCC_WARN_UNUSED_VARIABLE = YES;
				IPHONEOS_DEPLOYMENT_TARGET = 11.0;
				MTL_ENABLE_DEBUG_INFO = YES;
				ONLY_ACTIVE_ARCH = YES;
				SDKROOT = iphoneos;
				SWIFT_ACTIVE_COMPILATION_CONDITIONS = DEBUG;
				SWIFT_OPTIMIZATION_LEVEL = "-Onone";
			};
			name = Debug;
		};
		7C380FC01F60D90200FE4C89 /* Release */ = {
			isa = XCBuildConfiguration;
			buildSettings = {
				ALWAYS_SEARCH_USER_PATHS = NO;
				CLANG_ANALYZER_NONNULL = YES;
				CLANG_ANALYZER_NUMBER_OBJECT_CONVERSION = YES_AGGRESSIVE;
				CLANG_CXX_LANGUAGE_STANDARD = "gnu++14";
				CLANG_CXX_LIBRARY = "libc++";
				CLANG_ENABLE_MODULES = YES;
				CLANG_ENABLE_OBJC_ARC = YES;
				CLANG_WARN_BLOCK_CAPTURE_AUTORELEASING = YES;
				CLANG_WARN_BOOL_CONVERSION = YES;
				CLANG_WARN_COMMA = YES;
				CLANG_WARN_CONSTANT_CONVERSION = YES;
				CLANG_WARN_DIRECT_OBJC_ISA_USAGE = YES_ERROR;
				CLANG_WARN_DOCUMENTATION_COMMENTS = YES;
				CLANG_WARN_EMPTY_BODY = YES;
				CLANG_WARN_ENUM_CONVERSION = YES;
				CLANG_WARN_INFINITE_RECURSION = YES;
				CLANG_WARN_INT_CONVERSION = YES;
				CLANG_WARN_NON_LITERAL_NULL_CONVERSION = YES;
				CLANG_WARN_OBJC_LITERAL_CONVERSION = YES;
				CLANG_WARN_OBJC_ROOT_CLASS = YES_ERROR;
				CLANG_WARN_RANGE_LOOP_ANALYSIS = YES;
				CLANG_WARN_STRICT_PROTOTYPES = YES;
				CLANG_WARN_SUSPICIOUS_MOVE = YES;
				CLANG_WARN_UNGUARDED_AVAILABILITY = YES_AGGRESSIVE;
				CLANG_WARN_UNREACHABLE_CODE = YES;
				CLANG_WARN__DUPLICATE_METHOD_MATCH = YES;
				CODE_SIGN_IDENTITY = "iPhone Developer";
				COPY_PHASE_STRIP = NO;
				DEBUG_INFORMATION_FORMAT = "dwarf-with-dsym";
				ENABLE_NS_ASSERTIONS = NO;
				ENABLE_STRICT_OBJC_MSGSEND = YES;
				GCC_C_LANGUAGE_STANDARD = gnu11;
				GCC_NO_COMMON_BLOCKS = YES;
				GCC_WARN_64_TO_32_BIT_CONVERSION = YES;
				GCC_WARN_ABOUT_RETURN_TYPE = YES_ERROR;
				GCC_WARN_UNDECLARED_SELECTOR = YES;
				GCC_WARN_UNINITIALIZED_AUTOS = YES_AGGRESSIVE;
				GCC_WARN_UNUSED_FUNCTION = YES;
				GCC_WARN_UNUSED_VARIABLE = YES;
				IPHONEOS_DEPLOYMENT_TARGET = 11.0;
				MTL_ENABLE_DEBUG_INFO = NO;
				SDKROOT = iphoneos;
				SWIFT_OPTIMIZATION_LEVEL = "-Owholemodule";
				VALIDATE_PRODUCT = YES;
			};
			name = Release;
		};
		7C380FC21F60D90200FE4C89 /* Debug */ = {
			isa = XCBuildConfiguration;
			baseConfigurationReference = 54A6317D417AF2D070531400 /* Pods-assignment.debug.xcconfig */;
			buildSettings = {
				ASSETCATALOG_COMPILER_APPICON_NAME = AppIcon;
				CODE_SIGN_STYLE = Automatic;
				DEVELOPMENT_TEAM = HXBS96X7JW;
				INFOPLIST_FILE = assignment/Info.plist;
				LD_RUNPATH_SEARCH_PATHS = "$(inherited) @executable_path/Frameworks";
				PRODUCT_BUNDLE_IDENTIFIER = com.astro.assignment;
				PRODUCT_NAME = "$(TARGET_NAME)";
				SWIFT_VERSION = 3.0;
				TARGETED_DEVICE_FAMILY = "1,2";
			};
			name = Debug;
		};
		7C380FC31F60D90200FE4C89 /* Release */ = {
			isa = XCBuildConfiguration;
			baseConfigurationReference = C99D1CA95C8D653F6E494696 /* Pods-assignment.release.xcconfig */;
			buildSettings = {
				ASSETCATALOG_COMPILER_APPICON_NAME = AppIcon;
				CODE_SIGN_STYLE = Automatic;
				DEVELOPMENT_TEAM = HXBS96X7JW;
				INFOPLIST_FILE = assignment/Info.plist;
				LD_RUNPATH_SEARCH_PATHS = "$(inherited) @executable_path/Frameworks";
				PRODUCT_BUNDLE_IDENTIFIER = com.astro.assignment;
				PRODUCT_NAME = "$(TARGET_NAME)";
				SWIFT_VERSION = 3.0;
				TARGETED_DEVICE_FAMILY = "1,2";
			};
			name = Release;
		};
		7C380FC51F60D90200FE4C89 /* Debug */ = {
			isa = XCBuildConfiguration;
			baseConfigurationReference = 9252C43EB7634443E5FF605A /* Pods-assignmentTests.debug.xcconfig */;
			buildSettings = {
				ALWAYS_EMBED_SWIFT_STANDARD_LIBRARIES = YES;
				BUNDLE_LOADER = "$(TEST_HOST)";
				CODE_SIGN_STYLE = Automatic;
				DEVELOPMENT_TEAM = HXBS96X7JW;
				INFOPLIST_FILE = assignmentTests/Info.plist;
				LD_RUNPATH_SEARCH_PATHS = "$(inherited) @executable_path/Frameworks @loader_path/Frameworks";
				PRODUCT_BUNDLE_IDENTIFIER = com.astro.assignmentTests;
				PRODUCT_NAME = "$(TARGET_NAME)";
				SWIFT_VERSION = 4.0;
				TARGETED_DEVICE_FAMILY = "1,2";
				TEST_HOST = "$(BUILT_PRODUCTS_DIR)/assignment.app/assignment";
			};
			name = Debug;
		};
		7C380FC61F60D90200FE4C89 /* Release */ = {
			isa = XCBuildConfiguration;
			baseConfigurationReference = 3809B8576823EEC40282A206 /* Pods-assignmentTests.release.xcconfig */;
			buildSettings = {
				ALWAYS_EMBED_SWIFT_STANDARD_LIBRARIES = YES;
				BUNDLE_LOADER = "$(TEST_HOST)";
				CODE_SIGN_STYLE = Automatic;
				DEVELOPMENT_TEAM = HXBS96X7JW;
				INFOPLIST_FILE = assignmentTests/Info.plist;
				LD_RUNPATH_SEARCH_PATHS = "$(inherited) @executable_path/Frameworks @loader_path/Frameworks";
				PRODUCT_BUNDLE_IDENTIFIER = com.astro.assignmentTests;
				PRODUCT_NAME = "$(TARGET_NAME)";
				SWIFT_VERSION = 4.0;
				TARGETED_DEVICE_FAMILY = "1,2";
				TEST_HOST = "$(BUILT_PRODUCTS_DIR)/assignment.app/assignment";
			};
			name = Release;
		};
/* End XCBuildConfiguration section */

/* Begin XCConfigurationList section */
		7C380F9F1F60D90100FE4C89 /* Build configuration list for PBXProject "assignment" */ = {
			isa = XCConfigurationList;
			buildConfigurations = (
				7C380FBF1F60D90200FE4C89 /* Debug */,
				7C380FC01F60D90200FE4C89 /* Release */,
			);
			defaultConfigurationIsVisible = 0;
			defaultConfigurationName = Release;
		};
		7C380FC11F60D90200FE4C89 /* Build configuration list for PBXNativeTarget "assignment" */ = {
			isa = XCConfigurationList;
			buildConfigurations = (
				7C380FC21F60D90200FE4C89 /* Debug */,
				7C380FC31F60D90200FE4C89 /* Release */,
			);
			defaultConfigurationIsVisible = 0;
			defaultConfigurationName = Release;
		};
		7C380FC41F60D90200FE4C89 /* Build configuration list for PBXNativeTarget "assignmentTests" */ = {
			isa = XCConfigurationList;
			buildConfigurations = (
				7C380FC51F60D90200FE4C89 /* Debug */,
				7C380FC61F60D90200FE4C89 /* Release */,
			);
			defaultConfigurationIsVisible = 0;
			defaultConfigurationName = Release;
		};
/* End XCConfigurationList section */
	};
	rootObject = 7C380F9C1F60D90100FE4C89 /* Project object */;
}
